
Microsoft Visual Studio Solution File, Format Version 12.00
# Visual Studio Version 17
VisualStudioVersion = 17.9.34902.65
MinimumVisualStudioVersion = 10.0.40219.1
Project("{FAE04EC0-301F-11D3-BF4B-00C04F79EFBC}") = "Ado.Net", "Ado.Net\Ado.Net.csproj", "{578F2B87-240E-4DEE-A7A9-205B475548F6}"
EndProject
Global
	GlobalSection(SolutionConfigurationPlatforms) = preSolution
		Debug|Any CPU = Debug|Any CPU
		Release|Any CPU = Release|Any CPU
	EndGlobalSection
	GlobalSection(ProjectConfigurationPlatforms) = postSolution
		{578F2B87-240E-4DEE-A7A9-205B475548F6}.Debug|Any CPU.ActiveCfg = Debug|Any CPU
		{578F2B87-240E-4DEE-A7A9-205B475548F6}.Debug|Any CPU.Build.0 = Debug|Any CPU
		{578F2B87-240E-4DEE-A7A9-205B475548F6}.Release|Any CPU.ActiveCfg = Release|Any CPU
		{578F2B87-240E-4DEE-A7A9-205B475548F6}.Release|Any CPU.Build.0 = Release|Any CPU
	EndGlobalSection
	GlobalSection(SolutionProperties) = preSolution
		HideSolutionNode = FALSE
	EndGlobalSection
	GlobalSection(ExtensibilityGlobals) = postSolution
		SolutionGuid = {0C7D70B9-ED40-43D5-A4CA-8EE9CEC3D525}
	EndGlobalSection
EndGlobal
